// !$*UTF8*$!
{
	archiveVersion = 1;
	classes = {
	};
	objectVersion = 55;
	objects = {

/* Begin PBXBuildFile section */
		6A2747472899F6BF0077EFAA /* AppDelegate.swift in Sources */ = {isa = PBXBuildFile; fileRef = 6A2747462899F6BF0077EFAA /* AppDelegate.swift */; };
		6A2747492899F6BF0077EFAA /* SceneDelegate.swift in Sources */ = {isa = PBXBuildFile; fileRef = 6A2747482899F6BF0077EFAA /* SceneDelegate.swift */; };
		6A27474B2899F6BF0077EFAA /* ViewController.swift in Sources */ = {isa = PBXBuildFile; fileRef = 6A27474A2899F6BF0077EFAA /* ViewController.swift */; };
		6A27474E2899F6BF0077EFAA /* Main.storyboard in Resources */ = {isa = PBXBuildFile; fileRef = 6A27474C2899F6BF0077EFAA /* Main.storyboard */; };
		6A2747502899F6C10077EFAA /* Assets.xcassets in Resources */ = {isa = PBXBuildFile; fileRef = 6A27474F2899F6C10077EFAA /* Assets.xcassets */; };
		6A2747532899F6C10077EFAA /* LaunchScreen.storyboard in Resources */ = {isa = PBXBuildFile; fileRef = 6A2747512899F6C10077EFAA /* LaunchScreen.storyboard */; };
		6A27475B2899F7D30077EFAA /* .gitignore in Resources */ = {isa = PBXBuildFile; fileRef = 6A27475A2899F7D30077EFAA /* .gitignore */; };
		6A27475D2899F81A0077EFAA /* SearchViewController.swift in Sources */ = {isa = PBXBuildFile; fileRef = 6A27475C2899F81A0077EFAA /* SearchViewController.swift */; };
		6A27475F2899F8890077EFAA /* APIKey.swift in Sources */ = {isa = PBXBuildFile; fileRef = 6A27475E2899F8890077EFAA /* APIKey.swift */; };
		6A2747612899FA070077EFAA /* Constant.swift in Sources */ = {isa = PBXBuildFile; fileRef = 6A2747602899FA070077EFAA /* Constant.swift */; };
		6A2747652899FAA60077EFAA /* Example.swift in Sources */ = {isa = PBXBuildFile; fileRef = 6A2747642899FAA60077EFAA /* Example.swift */; };
		6A2747672899FAB30077EFAA /* Example2.swift in Sources */ = {isa = PBXBuildFile; fileRef = 6A2747662899FAB30077EFAA /* Example2.swift */; };
/* End PBXBuildFile section */

/* Begin PBXFileReference section */
		6A2747432899F6BF0077EFAA /* SeSACTMBDProject.app */ = {isa = PBXFileReference; explicitFileType = wrapper.application; includeInIndex = 0; path = SeSACTMBDProject.app; sourceTree = BUILT_PRODUCTS_DIR; };
		6A2747462899F6BF0077EFAA /* AppDelegate.swift */ = {isa = PBXFileReference; lastKnownFileType = sourcecode.swift; path = AppDelegate.swift; sourceTree = "<group>"; };
		6A2747482899F6BF0077EFAA /* SceneDelegate.swift */ = {isa = PBXFileReference; lastKnownFileType = sourcecode.swift; path = SceneDelegate.swift; sourceTree = "<group>"; };
		6A27474A2899F6BF0077EFAA /* ViewController.swift */ = {isa = PBXFileReference; lastKnownFileType = sourcecode.swift; path = ViewController.swift; sourceTree = "<group>"; };
		6A27474D2899F6BF0077EFAA /* Base */ = {isa = PBXFileReference; lastKnownFileType = file.storyboard; name = Base; path = Base.lproj/Main.storyboard; sourceTree = "<group>"; };
		6A27474F2899F6C10077EFAA /* Assets.xcassets */ = {isa = PBXFileReference; lastKnownFileType = folder.assetcatalog; path = Assets.xcassets; sourceTree = "<group>"; };
		6A2747522899F6C10077EFAA /* Base */ = {isa = PBXFileReference; lastKnownFileType = file.storyboard; name = Base; path = Base.lproj/LaunchScreen.storyboard; sourceTree = "<group>"; };
		6A2747542899F6C10077EFAA /* Info.plist */ = {isa = PBXFileReference; lastKnownFileType = text.plist.xml; path = Info.plist; sourceTree = "<group>"; };
		6A27475A2899F7D30077EFAA /* .gitignore */ = {isa = PBXFileReference; lastKnownFileType = text; path = .gitignore; sourceTree = "<group>"; };
		6A27475C2899F81A0077EFAA /* SearchViewController.swift */ = {isa = PBXFileReference; lastKnownFileType = sourcecode.swift; path = SearchViewController.swift; sourceTree = "<group>"; };
		6A27475E2899F8890077EFAA /* APIKey.swift */ = {isa = PBXFileReference; lastKnownFileType = sourcecode.swift; path = APIKey.swift; sourceTree = "<group>"; };
		6A2747602899FA070077EFAA /* Constant.swift */ = {isa = PBXFileReference; lastKnownFileType = sourcecode.swift; path = Constant.swift; sourceTree = "<group>"; };
		6A2747642899FAA60077EFAA /* Example.swift */ = {isa = PBXFileReference; lastKnownFileType = sourcecode.swift; path = Example.swift; sourceTree = "<group>"; };
		6A2747662899FAB30077EFAA /* Example2.swift */ = {isa = PBXFileReference; lastKnownFileType = sourcecode.swift; path = Example2.swift; sourceTree = "<group>"; };
/* End PBXFileReference section */

/* Begin PBXFrameworksBuildPhase section */
		6A2747402899F6BF0077EFAA /* Frameworks */ = {
			isa = PBXFrameworksBuildPhase;
			buildActionMask = 2147483647;
			files = (
			);
			runOnlyForDeploymentPostprocessing = 0;
		};
/* End PBXFrameworksBuildPhase section */

/* Begin PBXGroup section */
		6A27473A2899F6BF0077EFAA = {
			isa = PBXGroup;
			children = (
				6A27475A2899F7D30077EFAA /* .gitignore */,
				6A2747452899F6BF0077EFAA /* SeSACTMBDProject */,
				6A2747442899F6BF0077EFAA /* Products */,
			);
			sourceTree = "<group>";
		};
		6A2747442899F6BF0077EFAA /* Products */ = {
			isa = PBXGroup;
			children = (
				6A2747432899F6BF0077EFAA /* SeSACTMBDProject.app */,
			);
			name = Products;
			sourceTree = "<group>";
		};
		6A2747452899F6BF0077EFAA /* SeSACTMBDProject */ = {
			isa = PBXGroup;
			children = (
				6A2747632899FA870077EFAA /* Key */,
				6A2747622899FA1A0077EFAA /* Resource */,
				6A2747602899FA070077EFAA /* Constant.swift */,
				6A27475C2899F81A0077EFAA /* SearchViewController.swift */,
				6A27475E2899F8890077EFAA /* APIKey.swift */,
				6A2747462899F6BF0077EFAA /* AppDelegate.swift */,
				6A2747482899F6BF0077EFAA /* SceneDelegate.swift */,
				6A27474A2899F6BF0077EFAA /* ViewController.swift */,
				6A27474C2899F6BF0077EFAA /* Main.storyboard */,
				6A27474F2899F6C10077EFAA /* Assets.xcassets */,
				6A2747512899F6C10077EFAA /* LaunchScreen.storyboard */,
				6A2747542899F6C10077EFAA /* Info.plist */,
			);
			path = SeSACTMBDProject;
			sourceTree = "<group>";
		};
		6A2747622899FA1A0077EFAA /* Resource */ = {
			isa = PBXGroup;
			children = (
				6A2747662899FAB30077EFAA /* Example2.swift */,
			);
			path = Resource;
			sourceTree = "<group>";
		};
		6A2747632899FA870077EFAA /* Key */ = {
			isa = PBXGroup;
			children = (
				6A2747642899FAA60077EFAA /* Example.swift */,
			);
			path = Key;
			sourceTree = "<group>";
		};
/* End PBXGroup section */

/* Begin PBXNativeTarget section */
		6A2747422899F6BF0077EFAA /* SeSACTMBDProject */ = {
			isa = PBXNativeTarget;
			buildConfigurationList = 6A2747572899F6C10077EFAA /* Build configuration list for PBXNativeTarget "SeSACTMBDProject" */;
			buildPhases = (
				6A27473F2899F6BF0077EFAA /* Sources */,
				6A2747402899F6BF0077EFAA /* Frameworks */,
				6A2747412899F6BF0077EFAA /* Resources */,
			);
			buildRules = (
			);
			dependencies = (
			);
			name = SeSACTMBDProject;
			productName = SeSACTMBDProject;
			productReference = 6A2747432899F6BF0077EFAA /* SeSACTMBDProject.app */;
			productType = "com.apple.product-type.application";
		};
/* End PBXNativeTarget section */

/* Begin PBXProject section */
		6A27473B2899F6BF0077EFAA /* Project object */ = {
			isa = PBXProject;
			attributes = {
				BuildIndependentTargetsInParallel = 1;
				LastSwiftUpdateCheck = 1340;
				LastUpgradeCheck = 1340;
				TargetAttributes = {
					6A2747422899F6BF0077EFAA = {
						CreatedOnToolsVersion = 13.4.1;
					};
				};
			};
			buildConfigurationList = 6A27473E2899F6BF0077EFAA /* Build configuration list for PBXProject "SeSACTMBDProject" */;
			compatibilityVersion = "Xcode 13.0";
			developmentRegion = en;
			hasScannedForEncodings = 0;
			knownRegions = (
				en,
				Base,
			);
			mainGroup = 6A27473A2899F6BF0077EFAA;
			productRefGroup = 6A2747442899F6BF0077EFAA /* Products */;
			projectDirPath = "";
			projectRoot = "";
			targets = (
				6A2747422899F6BF0077EFAA /* SeSACTMBDProject */,
			);
		};
/* End PBXProject section */

/* Begin PBXResourcesBuildPhase section */
		6A2747412899F6BF0077EFAA /* Resources */ = {
			isa = PBXResourcesBuildPhase;
			buildActionMask = 2147483647;
			files = (
				6A27475B2899F7D30077EFAA /* .gitignore in Resources */,
				6A2747532899F6C10077EFAA /* LaunchScreen.storyboard in Resources */,
				6A2747502899F6C10077EFAA /* Assets.xcassets in Resources */,
				6A27474E2899F6BF0077EFAA /* Main.storyboard in Resources */,
			);
			runOnlyForDeploymentPostprocessing = 0;
		};
/* End PBXResourcesBuildPhase section */

/* Begin PBXSourcesBuildPhase section */
		6A27473F2899F6BF0077EFAA /* Sources */ = {
			isa = PBXSourcesBuildPhase;
			buildActionMask = 2147483647;
			files = (
				6A27474B2899F6BF0077EFAA /* ViewController.swift in Sources */,
				6A2747652899FAA60077EFAA /* Example.swift in Sources */,
				6A2747472899F6BF0077EFAA /* AppDelegate.swift in Sources */,
				6A27475D2899F81A0077EFAA /* SearchViewController.swift in Sources */,
				6A2747492899F6BF0077EFAA /* SceneDelegate.swift in Sources */,
				6A27475F2899F8890077EFAA /* APIKey.swift in Sources */,
				6A2747612899FA070077EFAA /* Constant.swift in Sources */,
				6A2747672899FAB30077EFAA /* Example2.swift in Sources */,
			);
			runOnlyForDeploymentPostprocessing = 0;
		};
/* End PBXSourcesBuildPhase section */

/* Begin PBXVariantGroup section */
		6A27474C2899F6BF0077EFAA /* Main.storyboard */ = {
			isa = PBXVariantGroup;
			children = (
				6A27474D2899F6BF0077EFAA /* Base */,
			);
			name = Main.storyboard;
			sourceTree = "<group>";
		};
		6A2747512899F6C10077EFAA /* LaunchScreen.storyboard */ = {
			isa = PBXVariantGroup;
			children = (
				6A2747522899F6C10077EFAA /* Base */,
			);
			name = LaunchScreen.storyboard;
			sourceTree = "<group>";
		};
/* End PBXVariantGroup section */

/* Begin XCBuildConfiguration section */
		6A2747552899F6C10077EFAA /* Debug */ = {
			isa = XCBuildConfiguration;
			buildSettings = {
				ALWAYS_SEARCH_USER_PATHS = NO;
				CLANG_ANALYZER_NONNULL = YES;
				CLANG_ANALYZER_NUMBER_OBJECT_CONVERSION = YES_AGGRESSIVE;
				CLANG_CXX_LANGUAGE_STANDARD = "gnu++17";
				CLANG_ENABLE_MODULES = YES;
				CLANG_ENABLE_OBJC_ARC = YES;
				CLANG_ENABLE_OBJC_WEAK = YES;
				CLANG_WARN_BLOCK_CAPTURE_AUTORELEASING = YES;
				CLANG_WARN_BOOL_CONVERSION = YES;
				CLANG_WARN_COMMA = YES;
				CLANG_WARN_CONSTANT_CONVERSION = YES;
				CLANG_WARN_DEPRECATED_OBJC_IMPLEMENTATIONS = YES;
				CLANG_WARN_DIRECT_OBJC_ISA_USAGE = YES_ERROR;
				CLANG_WARN_DOCUMENTATION_COMMENTS = YES;
				CLANG_WARN_EMPTY_BODY = YES;
				CLANG_WARN_ENUM_CONVERSION = YES;
				CLANG_WARN_INFINITE_RECURSION = YES;
				CLANG_WARN_INT_CONVERSION = YES;
				CLANG_WARN_NON_LITERAL_NULL_CONVERSION = YES;
				CLANG_WARN_OBJC_IMPLICIT_RETAIN_SELF = YES;
				CLANG_WARN_OBJC_LITERAL_CONVERSION = YES;
				CLANG_WARN_OBJC_ROOT_CLASS = YES_ERROR;
				CLANG_WARN_QUOTED_INCLUDE_IN_FRAMEWORK_HEADER = YES;
				CLANG_WARN_RANGE_LOOP_ANALYSIS = YES;
				CLANG_WARN_STRICT_PROTOTYPES = YES;
				CLANG_WARN_SUSPICIOUS_MOVE = YES;
				CLANG_WARN_UNGUARDED_AVAILABILITY = YES_AGGRESSIVE;
				CLANG_WARN_UNREACHABLE_CODE = YES;
				CLANG_WARN__DUPLICATE_METHOD_MATCH = YES;
				COPY_PHASE_STRIP = NO;
				DEBUG_INFORMATION_FORMAT = dwarf;
				ENABLE_STRICT_OBJC_MSGSEND = YES;
				ENABLE_TESTABILITY = YES;
				GCC_C_LANGUAGE_STANDARD = gnu11;
				GCC_DYNAMIC_NO_PIC = NO;
				GCC_NO_COMMON_BLOCKS = YES;
				GCC_OPTIMIZATION_LEVEL = 0;
				GCC_PREPROCESSOR_DEFINITIONS = (
					"DEBUG=1",
					"$(inherited)",
				);
				GCC_WARN_64_TO_32_BIT_CONVERSION = YES;
				GCC_WARN_ABOUT_RETURN_TYPE = YES_ERROR;
				GCC_WARN_UNDECLARED_SELECTOR = YES;
				GCC_WARN_UNINITIALIZED_AUTOS = YES_AGGRESSIVE;
				GCC_WARN_UNUSED_FUNCTION = YES;
				GCC_WARN_UNUSED_VARIABLE = YES;
				IPHONEOS_DEPLOYMENT_TARGET = 15.5;
				MTL_ENABLE_DEBUG_INFO = INCLUDE_SOURCE;
				MTL_FAST_MATH = YES;
				ONLY_ACTIVE_ARCH = YES;
				SDKROOT = iphoneos;
				SWIFT_ACTIVE_COMPILATION_CONDITIONS = DEBUG;
				SWIFT_OPTIMIZATION_LEVEL = "-Onone";
			};
			name = Debug;
		};
		6A2747562899F6C10077EFAA /* Release */ = {
			isa = XCBuildConfiguration;
			buildSettings = {
				ALWAYS_SEARCH_USER_PATHS = NO;
				CLANG_ANALYZER_NONNULL = YES;
				CLANG_ANALYZER_NUMBER_OBJECT_CONVERSION = YES_AGGRESSIVE;
				CLANG_CXX_LANGUAGE_STANDARD = "gnu++17";
				CLANG_ENABLE_MODULES = YES;
				CLANG_ENABLE_OBJC_ARC = YES;
				CLANG_ENABLE_OBJC_WEAK = YES;
				CLANG_WARN_BLOCK_CAPTURE_AUTORELEASING = YES;
				CLANG_WARN_BOOL_CONVERSION = YES;
				CLANG_WARN_COMMA = YES;
				CLANG_WARN_CONSTANT_CONVERSION = YES;
				CLANG_WARN_DEPRECATED_OBJC_IMPLEMENTATIONS = YES;
				CLANG_WARN_DIRECT_OBJC_ISA_USAGE = YES_ERROR;
				CLANG_WARN_DOCUMENTATION_COMMENTS = YES;
				CLANG_WARN_EMPTY_BODY = YES;
				CLANG_WARN_ENUM_CONVERSION = YES;
				CLANG_WARN_INFINITE_RECURSION = YES;
				CLANG_WARN_INT_CONVERSION = YES;
				CLANG_WARN_NON_LITERAL_NULL_CONVERSION = YES;
				CLANG_WARN_OBJC_IMPLICIT_RETAIN_SELF = YES;
				CLANG_WARN_OBJC_LITERAL_CONVERSION = YES;
				CLANG_WARN_OBJC_ROOT_CLASS = YES_ERROR;
				CLANG_WARN_QUOTED_INCLUDE_IN_FRAMEWORK_HEADER = YES;
				CLANG_WARN_RANGE_LOOP_ANALYSIS = YES;
				CLANG_WARN_STRICT_PROTOTYPES = YES;
				CLANG_WARN_SUSPICIOUS_MOVE = YES;
				CLANG_WARN_UNGUARDED_AVAILABILITY = YES_AGGRESSIVE;
				CLANG_WARN_UNREACHABLE_CODE = YES;
				CLANG_WARN__DUPLICATE_METHOD_MATCH = YES;
				COPY_PHASE_STRIP = NO;
				DEBUG_INFORMATION_FORMAT = "dwarf-with-dsym";
				ENABLE_NS_ASSERTIONS = NO;
				ENABLE_STRICT_OBJC_MSGSEND = YES;
				GCC_C_LANGUAGE_STANDARD = gnu11;
				GCC_NO_COMMON_BLOCKS = YES;
				GCC_WARN_64_TO_32_BIT_CONVERSION = YES;
				GCC_WARN_ABOUT_RETURN_TYPE = YES_ERROR;
				GCC_WARN_UNDECLARED_SELECTOR = YES;
				GCC_WARN_UNINITIALIZED_AUTOS = YES_AGGRESSIVE;
				GCC_WARN_UNUSED_FUNCTION = YES;
				GCC_WARN_UNUSED_VARIABLE = YES;
				IPHONEOS_DEPLOYMENT_TARGET = 15.5;
				MTL_ENABLE_DEBUG_INFO = NO;
				MTL_FAST_MATH = YES;
				SDKROOT = iphoneos;
				SWIFT_COMPILATION_MODE = wholemodule;
				SWIFT_OPTIMIZATION_LEVEL = "-O";
				VALIDATE_PRODUCT = YES;
			};
			name = Release;
		};
		6A2747582899F6C10077EFAA /* Debug */ = {
			isa = XCBuildConfiguration;
			buildSettings = {
				ASSETCATALOG_COMPILER_APPICON_NAME = AppIcon;
				ASSETCATALOG_COMPILER_GLOBAL_ACCENT_COLOR_NAME = AccentColor;
				CODE_SIGN_STYLE = Automatic;
				CURRENT_PROJECT_VERSION = 1;
				DEVELOPMENT_TEAM = CN24RNU85D;
				GENERATE_INFOPLIST_FILE = YES;
				INFOPLIST_FILE = SeSACTMBDProject/Info.plist;
				INFOPLIST_KEY_UIApplicationSupportsIndirectInputEvents = YES;
				INFOPLIST_KEY_UILaunchStoryboardName = LaunchScreen;
				INFOPLIST_KEY_UIMainStoryboardFile = Main;
				INFOPLIST_KEY_UISupportedInterfaceOrientations_iPad = "UIInterfaceOrientationPortrait UIInterfaceOrientationPortraitUpsideDown UIInterfaceOrientationLandscapeLeft UIInterfaceOrientationLandscapeRight";
				INFOPLIST_KEY_UISupportedInterfaceOrientations_iPhone = "UIInterfaceOrientationPortrait UIInterfaceOrientationLandscapeLeft UIInterfaceOrientationLandscapeRight";
				LD_RUNPATH_SEARCH_PATHS = (
					"$(inherited)",
					"@executable_path/Frameworks",
				);
				MARKETING_VERSION = 1.0;
				PRODUCT_BUNDLE_IDENTIFIER = com.jonghwan.SeSACTMBDProject;
				PRODUCT_NAME = "$(TARGET_NAME)";
				SWIFT_EMIT_LOC_STRINGS = YES;
				SWIFT_VERSION = 5.0;
				TARGETED_DEVICE_FAMILY = 1;
			};
			name = Debug;
		};
		6A2747592899F6C10077EFAA /* Release */ = {
			isa = XCBuildConfiguration;
			buildSettings = {
				ASSETCATALOG_COMPILER_APPICON_NAME = AppIcon;
				ASSETCATALOG_COMPILER_GLOBAL_ACCENT_COLOR_NAME = AccentColor;
				CODE_SIGN_STYLE = Automatic;
				CURRENT_PROJECT_VERSION = 1;
				DEVELOPMENT_TEAM = CN24RNU85D;
				GENERATE_INFOPLIST_FILE = YES;
				INFOPLIST_FILE = SeSACTMBDProject/Info.plist;
				INFOPLIST_KEY_UIApplicationSupportsIndirectInputEvents = YES;
				INFOPLIST_KEY_UILaunchStoryboardName = LaunchScreen;
				INFOPLIST_KEY_UIMainStoryboardFile = Main;
				INFOPLIST_KEY_UISupportedInterfaceOrientations_iPad = "UIInterfaceOrientationPortrait UIInterfaceOrientationPortraitUpsideDown UIInterfaceOrientationLandscapeLeft UIInterfaceOrientationLandscapeRight";
				INFOPLIST_KEY_UISupportedInterfaceOrientations_iPhone = "UIInterfaceOrientationPortrait UIInterfaceOrientationLandscapeLeft UIInterfaceOrientationLandscapeRight";
				LD_RUNPATH_SEARCH_PATHS = (
					"$(inherited)",
					"@executable_path/Frameworks",
				);
				MARKETING_VERSION = 1.0;
				PRODUCT_BUNDLE_IDENTIFIER = com.jonghwan.SeSACTMBDProject;
				PRODUCT_NAME = "$(TARGET_NAME)";
				SWIFT_EMIT_LOC_STRINGS = YES;
				SWIFT_VERSION = 5.0;
				TARGETED_DEVICE_FAMILY = 1;
			};
			name = Release;
		};
/* End XCBuildConfiguration section */

/* Begin XCConfigurationList section */
		6A27473E2899F6BF0077EFAA /* Build configuration list for PBXProject "SeSACTMBDProject" */ = {
			isa = XCConfigurationList;
			buildConfigurations = (
				6A2747552899F6C10077EFAA /* Debug */,
				6A2747562899F6C10077EFAA /* Release */,
			);
			defaultConfigurationIsVisible = 0;
			defaultConfigurationName = Release;
		};
		6A2747572899F6C10077EFAA /* Build configuration list for PBXNativeTarget "SeSACTMBDProject" */ = {
			isa = XCConfigurationList;
			buildConfigurations = (
				6A2747582899F6C10077EFAA /* Debug */,
				6A2747592899F6C10077EFAA /* Release */,
			);
			defaultConfigurationIsVisible = 0;
			defaultConfigurationName = Release;
		};
/* End XCConfigurationList section */
	};
	rootObject = 6A27473B2899F6BF0077EFAA /* Project object */;
}
